Microsoft Visual Studio Solution File, Format Version 12.00
# Visual Studio Version 17
VisualStudioVersion = 17.5.2.0
MinimumVisualStudioVersion = 10.0.40219.1
Project("{FAE04EC0-301F-11D3-BF4B-00C04F79EFBC}") = "ILoveYou", "ILoveYou.csproj", "{B0B02B2A-68A6-9524-E6FB-320A3DEA69A7}"
EndProject
Global
	GlobalSection(SolutionConfigurationPlatforms) = preSolution
		Debug|Any CPU = Debug|Any CPU
		Release|Any CPU = Release|Any CPU
	EndGlobalSection
	GlobalSection(ProjectConfigurationPlatforms) = postSolution
		{B0B02B2A-68A6-9524-E6FB-320A3DEA69A7}.Debug|Any CPU.ActiveCfg = Debug|Any CPU
		{B0B02B2A-68A6-9524-E6FB-320A3DEA69A7}.Debug|Any CPU.Build.0 = Debug|Any CPU
		{B0B02B2A-68A6-9524-E6FB-320A3DEA69A7}.Release|Any CPU.ActiveCfg = Release|Any CPU
		{B0B02B2A-68A6-9524-E6FB-320A3DEA69A7}.Release|Any CPU.Build.0 = Release|Any CPU
	EndGlobalSection
	GlobalSection(SolutionProperties) = preSolution
		HideSolutionNode = FALSE
	EndGlobalSection
	GlobalSection(ExtensibilityGlobals) = postSolution
		SolutionGuid = {F2E419BA-AB7F-4E75-BEC8-2E0200574C44}
	EndGlobalSection
EndGlobal
